
Microsoft Visual Studio Solution File, Format Version 12.00
# Visual Studio Version 17
VisualStudioVersion = 17.3.32922.545
MinimumVisualStudioVersion = 10.0.40219.1
Project("{FAE04EC0-301F-11D3-BF4B-00C04F79EFBC}") = "Calculator(2)", "Calculator(2).csproj", "{D01BB90F-3964-4DCC-AC3A-CD279E4A2188}"
EndProject
Project("{FAE04EC0-301F-11D3-BF4B-00C04F79EFBC}") = "CalculUnitTest", "..\CalculUnitTest\CalculUnitTest.csproj", "{3164FEC8-0F99-47AA-9E79-A0FBC6477F26}"
EndProject
Global
	GlobalSection(SolutionConfigurationPlatforms) = preSolution
		Debug|Any CPU = Debug|Any CPU
		Release|Any CPU = Release|Any CPU
	EndGlobalSection
	GlobalSection(ProjectConfigurationPlatforms) = postSolution
		{D01BB90F-3964-4DCC-AC3A-CD279E4A2188}.Debug|Any CPU.ActiveCfg = Debug|Any CPU
		{D01BB90F-3964-4DCC-AC3A-CD279E4A2188}.Debug|Any CPU.Build.0 = Debug|Any CPU
		{D01BB90F-3964-4DCC-AC3A-CD279E4A2188}.Release|Any CPU.ActiveCfg = Release|Any CPU
		{D01BB90F-3964-4DCC-AC3A-CD279E4A2188}.Release|Any CPU.Build.0 = Release|Any CPU
		{3164FEC8-0F99-47AA-9E79-A0FBC6477F26}.Debug|Any CPU.ActiveCfg = Debug|Any CPU
		{3164FEC8-0F99-47AA-9E79-A0FBC6477F26}.Debug|Any CPU.Build.0 = Debug|Any CPU
		{3164FEC8-0F99-47AA-9E79-A0FBC6477F26}.Release|Any CPU.ActiveCfg = Release|Any CPU
		{3164FEC8-0F99-47AA-9E79-A0FBC6477F26}.Release|Any CPU.Build.0 = Release|Any CPU
	EndGlobalSection
	GlobalSection(SolutionProperties) = preSolution
		HideSolutionNode = FALSE
	EndGlobalSection
	GlobalSection(ExtensibilityGlobals) = postSolution
		SolutionGuid = {FE25DD74-D55A-4F56-A576-C6F73A07BE49}
	EndGlobalSection
EndGlobal
